// !$*UTF8*$!
{
	archiveVersion = 1;
	classes = {
	};
	objectVersion = 55;
	objects = {

/* Begin PBXBuildFile section */
		0B3DFF3B284F4A9A00021ACD /* Data+Extension.swift in Sources */ = {isa = PBXBuildFile; fileRef = 0B3DFF3A284F4A9A00021ACD /* Data+Extension.swift */; };
		0B3DFF3D284F4B8000021ACD /* CurrentWeather.swift in Sources */ = {isa = PBXBuildFile; fileRef = 0B3DFF3C284F4B8000021ACD /* CurrentWeather.swift */; };
		0B3DFF3F284F4B9500021ACD /* Rain.swift in Sources */ = {isa = PBXBuildFile; fileRef = 0B3DFF3E284F4B9500021ACD /* Rain.swift */; };
		0B3DFF41284F4BA800021ACD /* WeatherDetails.swift in Sources */ = {isa = PBXBuildFile; fileRef = 0B3DFF40284F4BA800021ACD /* WeatherDetails.swift */; };
		0B3DFF43284F4BEE00021ACD /* FeelsLike.swift in Sources */ = {isa = PBXBuildFile; fileRef = 0B3DFF42284F4BEE00021ACD /* FeelsLike.swift */; };
		0B3DFF45284F4BFB00021ACD /* Temp.swift in Sources */ = {isa = PBXBuildFile; fileRef = 0B3DFF44284F4BFB00021ACD /* Temp.swift */; };
		0B3DFF49284F6D7A00021ACD /* HomeViewModel.swift in Sources */ = {isa = PBXBuildFile; fileRef = 0B3DFF48284F6D7A00021ACD /* HomeViewModel.swift */; };
		0BECF651284AC42100041459 /* AppDelegate.swift in Sources */ = {isa = PBXBuildFile; fileRef = 0BECF650284AC42100041459 /* AppDelegate.swift */; };
		0BECF653284AC42100041459 /* SceneDelegate.swift in Sources */ = {isa = PBXBuildFile; fileRef = 0BECF652284AC42100041459 /* SceneDelegate.swift */; };
		0BECF655284AC42100041459 /* HomeController.swift in Sources */ = {isa = PBXBuildFile; fileRef = 0BECF654284AC42100041459 /* HomeController.swift */; };
		0BECF658284AC42100041459 /* Main.storyboard in Resources */ = {isa = PBXBuildFile; fileRef = 0BECF656284AC42100041459 /* Main.storyboard */; };
		0BECF65A284AC42300041459 /* Assets.xcassets in Resources */ = {isa = PBXBuildFile; fileRef = 0BECF659284AC42300041459 /* Assets.xcassets */; };
		0BECF65D284AC42300041459 /* LaunchScreen.storyboard in Resources */ = {isa = PBXBuildFile; fileRef = 0BECF65B284AC42300041459 /* LaunchScreen.storyboard */; };
		0BECF668284AC42300041459 /* WeatherAppTests.swift in Sources */ = {isa = PBXBuildFile; fileRef = 0BECF667284AC42300041459 /* WeatherAppTests.swift */; };
		0BECF672284AC42300041459 /* WeatherAppUITests.swift in Sources */ = {isa = PBXBuildFile; fileRef = 0BECF671284AC42300041459 /* WeatherAppUITests.swift */; };
		0BECF674284AC42300041459 /* WeatherAppUITestsLaunchTests.swift in Sources */ = {isa = PBXBuildFile; fileRef = 0BECF673284AC42300041459 /* WeatherAppUITestsLaunchTests.swift */; };
		0BECF687284BE7B100041459 /* Saira-Bold.ttf in Resources */ = {isa = PBXBuildFile; fileRef = 0BECF686284BE7B100041459 /* Saira-Bold.ttf */; };
		0BECF689284BE7C100041459 /* Saira-ExtraBold.ttf in Resources */ = {isa = PBXBuildFile; fileRef = 0BECF688284BE7C100041459 /* Saira-ExtraBold.ttf */; };
		0BECF68B284BE7CC00041459 /* Saira-Light.ttf in Resources */ = {isa = PBXBuildFile; fileRef = 0BECF68A284BE7CC00041459 /* Saira-Light.ttf */; };
		0BECF68D284BE7D500041459 /* Saira-Medium.ttf in Resources */ = {isa = PBXBuildFile; fileRef = 0BECF68C284BE7D500041459 /* Saira-Medium.ttf */; };
		0BECF68F284BE7FF00041459 /* Saira-Regular.ttf in Resources */ = {isa = PBXBuildFile; fileRef = 0BECF68E284BE7FF00041459 /* Saira-Regular.ttf */; };
		0BECF691284BE81600041459 /* Saira-SemiBold.ttf in Resources */ = {isa = PBXBuildFile; fileRef = 0BECF690284BE81600041459 /* Saira-SemiBold.ttf */; };
		0BECF694284C0B8900041459 /* UIImage+Extension.swift in Sources */ = {isa = PBXBuildFile; fileRef = 0BECF693284C0B8900041459 /* UIImage+Extension.swift */; };
		0BECF696284C0B9F00041459 /* UISearchBar+Extension.swift in Sources */ = {isa = PBXBuildFile; fileRef = 0BECF695284C0B9F00041459 /* UISearchBar+Extension.swift */; };
		0BECF699284E83C800041459 /* LocationDirection.swift in Sources */ = {isa = PBXBuildFile; fileRef = 0BECF698284E83C800041459 /* LocationDirection.swift */; };
		0BECF69C284E852C00041459 /* LocationHelper.swift in Sources */ = {isa = PBXBuildFile; fileRef = 0BECF69B284E852C00041459 /* LocationHelper.swift */; };
		0BECF69E284E9CC000041459 /* UIViewController+Extension.swift in Sources */ = {isa = PBXBuildFile; fileRef = 0BECF69D284E9CC000041459 /* UIViewController+Extension.swift */; };
		0BECF6A1284EA07100041459 /* Router.swift in Sources */ = {isa = PBXBuildFile; fileRef = 0BECF6A0284EA07100041459 /* Router.swift */; };
		0BECF6A5284EA2C400041459 /* APIClient.swift in Sources */ = {isa = PBXBuildFile; fileRef = 0BECF6A4284EA2C400041459 /* APIClient.swift */; };
		0BECF6A7284EA32B00041459 /* Constants.swift in Sources */ = {isa = PBXBuildFile; fileRef = 0BECF6A6284EA32B00041459 /* Constants.swift */; };
		0BECF6AA284EC28000041459 /* Weather.swift in Sources */ = {isa = PBXBuildFile; fileRef = 0BECF6A9284EC28000041459 /* Weather.swift */; };
		0BECF6AE284ECA5600041459 /* CardinalPoints.swift in Sources */ = {isa = PBXBuildFile; fileRef = 0BECF6AD284ECA5600041459 /* CardinalPoints.swift */; };
		0BECF6B0284ECB2600041459 /* CLLocationDegrees+Extension.swift in Sources */ = {isa = PBXBuildFile; fileRef = 0BECF6AF284ECB2600041459 /* CLLocationDegrees+Extension.swift */; };
		0BECF6B3284ED47200041459 /* WeatherAPIManager.swift in Sources */ = {isa = PBXBuildFile; fileRef = 0BECF6B2284ED47200041459 /* WeatherAPIManager.swift */; };
		6AA2FA631C6D357431842EDB /* Pods_WeatherAppTests.framework in Frameworks */ = {isa = PBXBuildFile; fileRef = 029967BF1E3D7FF6AAADD02F /* Pods_WeatherAppTests.framework */; };
		7A2D17FB57CADCFCB1BE22AC /* Pods_WeatherApp_WeatherAppUITests.framework in Frameworks */ = {isa = PBXBuildFile; fileRef = F8C74E7497A54AD09270975B /* Pods_WeatherApp_WeatherAppUITests.framework */; };
		E26D9163F24C38D832C1FDE8 /* Pods_WeatherApp.framework in Frameworks */ = {isa = PBXBuildFile; fileRef = 8880EC745A3678972D06531C /* Pods_WeatherApp.framework */; };
/* End PBXBuildFile section */

/* Begin PBXContainerItemProxy section */
		0BECF664284AC42300041459 /* PBXContainerItemProxy */ = {
			isa = PBXContainerItemProxy;
			containerPortal = 0BECF645284AC42100041459 /* Project object */;
			proxyType = 1;
			remoteGlobalIDString = 0BECF64C284AC42100041459;
			remoteInfo = WeatherApp;
		};
		0BECF66E284AC42300041459 /* PBXContainerItemProxy */ = {
			isa = PBXContainerItemProxy;
			containerPortal = 0BECF645284AC42100041459 /* Project object */;
			proxyType = 1;
			remoteGlobalIDString = 0BECF64C284AC42100041459;
			remoteInfo = WeatherApp;
		};
/* End PBXContainerItemProxy section */

/* Begin PBXFileReference section */
		029967BF1E3D7FF6AAADD02F /* Pods_WeatherAppTests.framework */ = {isa = PBXFileReference; explicitFileType = wrapper.framework; includeInIndex = 0; path = Pods_WeatherAppTests.framework; sourceTree = BUILT_PRODUCTS_DIR; };
		08532A07F09DF90D443A6166 /* Pods-WeatherApp-WeatherAppUITests.debug.xcconfig */ = {isa = PBXFileReference; includeInIndex = 1; lastKnownFileType = text.xcconfig; name = "Pods-WeatherApp-WeatherAppUITests.debug.xcconfig"; path = "Target Support Files/Pods-WeatherApp-WeatherAppUITests/Pods-WeatherApp-WeatherAppUITests.debug.xcconfig"; sourceTree = "<group>"; };
		0B3DFF3A284F4A9A00021ACD /* Data+Extension.swift */ = {isa = PBXFileReference; lastKnownFileType = sourcecode.swift; path = "Data+Extension.swift"; sourceTree = "<group>"; };
		0B3DFF3C284F4B8000021ACD /* CurrentWeather.swift */ = {isa = PBXFileReference; lastKnownFileType = sourcecode.swift; path = CurrentWeather.swift; sourceTree = "<group>"; };
		0B3DFF3E284F4B9500021ACD /* Rain.swift */ = {isa = PBXFileReference; lastKnownFileType = sourcecode.swift; path = Rain.swift; sourceTree = "<group>"; };
		0B3DFF40284F4BA800021ACD /* WeatherDetails.swift */ = {isa = PBXFileReference; lastKnownFileType = sourcecode.swift; path = WeatherDetails.swift; sourceTree = "<group>"; };
		0B3DFF42284F4BEE00021ACD /* FeelsLike.swift */ = {isa = PBXFileReference; lastKnownFileType = sourcecode.swift; path = FeelsLike.swift; sourceTree = "<group>"; };
		0B3DFF44284F4BFB00021ACD /* Temp.swift */ = {isa = PBXFileReference; lastKnownFileType = sourcecode.swift; path = Temp.swift; sourceTree = "<group>"; };
		0B3DFF48284F6D7A00021ACD /* HomeViewModel.swift */ = {isa = PBXFileReference; lastKnownFileType = sourcecode.swift; path = HomeViewModel.swift; sourceTree = "<group>"; };
		0BECF64D284AC42100041459 /* WeatherApp.app */ = {isa = PBXFileReference; explicitFileType = wrapper.application; includeInIndex = 0; path = WeatherApp.app; sourceTree = BUILT_PRODUCTS_DIR; };
		0BECF650284AC42100041459 /* AppDelegate.swift */ = {isa = PBXFileReference; lastKnownFileType = sourcecode.swift; path = AppDelegate.swift; sourceTree = "<group>"; };
		0BECF652284AC42100041459 /* SceneDelegate.swift */ = {isa = PBXFileReference; lastKnownFileType = sourcecode.swift; path = SceneDelegate.swift; sourceTree = "<group>"; };
		0BECF654284AC42100041459 /* HomeController.swift */ = {isa = PBXFileReference; lastKnownFileType = sourcecode.swift; path = HomeController.swift; sourceTree = "<group>"; };
		0BECF657284AC42100041459 /* Base */ = {isa = PBXFileReference; lastKnownFileType = file.storyboard; name = Base; path = Base.lproj/Main.storyboard; sourceTree = "<group>"; };
		0BECF659284AC42300041459 /* Assets.xcassets */ = {isa = PBXFileReference; lastKnownFileType = folder.assetcatalog; path = Assets.xcassets; sourceTree = "<group>"; };
		0BECF65C284AC42300041459 /* Base */ = {isa = PBXFileReference; lastKnownFileType = file.storyboard; name = Base; path = Base.lproj/LaunchScreen.storyboard; sourceTree = "<group>"; };
		0BECF65E284AC42300041459 /* Info.plist */ = {isa = PBXFileReference; lastKnownFileType = text.plist.xml; path = Info.plist; sourceTree = "<group>"; };
		0BECF663284AC42300041459 /* WeatherAppTests.xctest */ = {isa = PBXFileReference; explicitFileType = wrapper.cfbundle; includeInIndex = 0; path = WeatherAppTests.xctest; sourceTree = BUILT_PRODUCTS_DIR; };
		0BECF667284AC42300041459 /* WeatherAppTests.swift */ = {isa = PBXFileReference; lastKnownFileType = sourcecode.swift; path = WeatherAppTests.swift; sourceTree = "<group>"; };
		0BECF66D284AC42300041459 /* WeatherAppUITests.xctest */ = {isa = PBXFileReference; explicitFileType = wrapper.cfbundle; includeInIndex = 0; path = WeatherAppUITests.xctest; sourceTree = BUILT_PRODUCTS_DIR; };
		0BECF671284AC42300041459 /* WeatherAppUITests.swift */ = {isa = PBXFileReference; lastKnownFileType = sourcecode.swift; path = WeatherAppUITests.swift; sourceTree = "<group>"; };
		0BECF673284AC42300041459 /* WeatherAppUITestsLaunchTests.swift */ = {isa = PBXFileReference; lastKnownFileType = sourcecode.swift; path = WeatherAppUITestsLaunchTests.swift; sourceTree = "<group>"; };
		0BECF686284BE7B100041459 /* Saira-Bold.ttf */ = {isa = PBXFileReference; lastKnownFileType = file; path = "Saira-Bold.ttf"; sourceTree = "<group>"; };
		0BECF688284BE7C100041459 /* Saira-ExtraBold.ttf */ = {isa = PBXFileReference; lastKnownFileType = file; path = "Saira-ExtraBold.ttf"; sourceTree = "<group>"; };
		0BECF68A284BE7CC00041459 /* Saira-Light.ttf */ = {isa = PBXFileReference; lastKnownFileType = file; path = "Saira-Light.ttf"; sourceTree = "<group>"; };
		0BECF68C284BE7D500041459 /* Saira-Medium.ttf */ = {isa = PBXFileReference; lastKnownFileType = file; path = "Saira-Medium.ttf"; sourceTree = "<group>"; };
		0BECF68E284BE7FF00041459 /* Saira-Regular.ttf */ = {isa = PBXFileReference; lastKnownFileType = file; path = "Saira-Regular.ttf"; sourceTree = "<group>"; };
		0BECF690284BE81600041459 /* Saira-SemiBold.ttf */ = {isa = PBXFileReference; lastKnownFileType = file; path = "Saira-SemiBold.ttf"; sourceTree = "<group>"; };
		0BECF693284C0B8900041459 /* UIImage+Extension.swift */ = {isa = PBXFileReference; lastKnownFileType = sourcecode.swift; path = "UIImage+Extension.swift"; sourceTree = "<group>"; };
		0BECF695284C0B9F00041459 /* UISearchBar+Extension.swift */ = {isa = PBXFileReference; lastKnownFileType = sourcecode.swift; path = "UISearchBar+Extension.swift"; sourceTree = "<group>"; };
		0BECF698284E83C800041459 /* LocationDirection.swift */ = {isa = PBXFileReference; lastKnownFileType = sourcecode.swift; path = LocationDirection.swift; sourceTree = "<group>"; };
		0BECF69B284E852C00041459 /* LocationHelper.swift */ = {isa = PBXFileReference; lastKnownFileType = sourcecode.swift; path = LocationHelper.swift; sourceTree = "<group>"; };
		0BECF69D284E9CC000041459 /* UIViewController+Extension.swift */ = {isa = PBXFileReference; lastKnownFileType = sourcecode.swift; path = "UIViewController+Extension.swift"; sourceTree = "<group>"; };
		0BECF6A0284EA07100041459 /* Router.swift */ = {isa = PBXFileReference; lastKnownFileType = sourcecode.swift; path = Router.swift; sourceTree = "<group>"; };
		0BECF6A4284EA2C400041459 /* APIClient.swift */ = {isa = PBXFileReference; lastKnownFileType = sourcecode.swift; path = APIClient.swift; sourceTree = "<group>"; };
		0BECF6A6284EA32B00041459 /* Constants.swift */ = {isa = PBXFileReference; lastKnownFileType = sourcecode.swift; path = Constants.swift; sourceTree = "<group>"; };
		0BECF6A9284EC28000041459 /* Weather.swift */ = {isa = PBXFileReference; lastKnownFileType = sourcecode.swift; path = Weather.swift; sourceTree = "<group>"; };
		0BECF6AD284ECA5600041459 /* CardinalPoints.swift */ = {isa = PBXFileReference; lastKnownFileType = sourcecode.swift; path = CardinalPoints.swift; sourceTree = "<group>"; };
		0BECF6AF284ECB2600041459 /* CLLocationDegrees+Extension.swift */ = {isa = PBXFileReference; lastKnownFileType = sourcecode.swift; path = "CLLocationDegrees+Extension.swift"; sourceTree = "<group>"; };
		0BECF6B2284ED47200041459 /* WeatherAPIManager.swift */ = {isa = PBXFileReference; lastKnownFileType = sourcecode.swift; path = WeatherAPIManager.swift; sourceTree = "<group>"; };
		1C16F12221470334F0B36EE0 /* Pods-WeatherApp-WeatherAppUITests.release.xcconfig */ = {isa = PBXFileReference; includeInIndex = 1; lastKnownFileType = text.xcconfig; name = "Pods-WeatherApp-WeatherAppUITests.release.xcconfig"; path = "Target Support Files/Pods-WeatherApp-WeatherAppUITests/Pods-WeatherApp-WeatherAppUITests.release.xcconfig"; sourceTree = "<group>"; };
		3BE28DE8A8E74DD64BEC5E6A /* Pods-WeatherAppTests.debug.xcconfig */ = {isa = PBXFileReference; includeInIndex = 1; lastKnownFileType = text.xcconfig; name = "Pods-WeatherAppTests.debug.xcconfig"; path = "Target Support Files/Pods-WeatherAppTests/Pods-WeatherAppTests.debug.xcconfig"; sourceTree = "<group>"; };
		8529EB4D444481ACBBCF348E /* Pods-WeatherApp.release.xcconfig */ = {isa = PBXFileReference; includeInIndex = 1; lastKnownFileType = text.xcconfig; name = "Pods-WeatherApp.release.xcconfig"; path = "Target Support Files/Pods-WeatherApp/Pods-WeatherApp.release.xcconfig"; sourceTree = "<group>"; };
		8880EC745A3678972D06531C /* Pods_WeatherApp.framework */ = {isa = PBXFileReference; explicitFileType = wrapper.framework; includeInIndex = 0; path = Pods_WeatherApp.framework; sourceTree = BUILT_PRODUCTS_DIR; };
		A3B1D59D575FAB8613536975 /* Pods-WeatherAppTests.release.xcconfig */ = {isa = PBXFileReference; includeInIndex = 1; lastKnownFileType = text.xcconfig; name = "Pods-WeatherAppTests.release.xcconfig"; path = "Target Support Files/Pods-WeatherAppTests/Pods-WeatherAppTests.release.xcconfig"; sourceTree = "<group>"; };
		BE54C8C16DD1B0BDA45CDCD1 /* Pods-WeatherApp.debug.xcconfig */ = {isa = PBXFileReference; includeInIndex = 1; lastKnownFileType = text.xcconfig; name = "Pods-WeatherApp.debug.xcconfig"; path = "Target Support Files/Pods-WeatherApp/Pods-WeatherApp.debug.xcconfig"; sourceTree = "<group>"; };
		F8C74E7497A54AD09270975B /* Pods_WeatherApp_WeatherAppUITests.framework */ = {isa = PBXFileReference; explicitFileType = wrapper.framework; includeInIndex = 0; path = Pods_WeatherApp_WeatherAppUITests.framework; sourceTree = BUILT_PRODUCTS_DIR; };
/* End PBXFileReference section */

/* Begin PBXFrameworksBuildPhase section */
		0BECF64A284AC42100041459 /* Frameworks */ = {
			isa = PBXFrameworksBuildPhase;
			buildActionMask = 2147483647;
			files = (
				E26D9163F24C38D832C1FDE8 /* Pods_WeatherApp.framework in Frameworks */,
			);
			runOnlyForDeploymentPostprocessing = 0;
		};
		0BECF660284AC42300041459 /* Frameworks */ = {
			isa = PBXFrameworksBuildPhase;
			buildActionMask = 2147483647;
			files = (
				6AA2FA631C6D357431842EDB /* Pods_WeatherAppTests.framework in Frameworks */,
			);
			runOnlyForDeploymentPostprocessing = 0;
		};
		0BECF66A284AC42300041459 /* Frameworks */ = {
			isa = PBXFrameworksBuildPhase;
			buildActionMask = 2147483647;
			files = (
				7A2D17FB57CADCFCB1BE22AC /* Pods_WeatherApp_WeatherAppUITests.framework in Frameworks */,
			);
			runOnlyForDeploymentPostprocessing = 0;
		};
/* End PBXFrameworksBuildPhase section */

/* Begin PBXGroup section */
		0B3DFF46284F6D5A00021ACD /* Controller */ = {
			isa = PBXGroup;
			children = (
				0BECF654284AC42100041459 /* HomeController.swift */,
			);
			path = Controller;
			sourceTree = "<group>";
		};
		0B3DFF47284F6D6600021ACD /* ViewModel */ = {
			isa = PBXGroup;
			children = (
				0B3DFF48284F6D7A00021ACD /* HomeViewModel.swift */,
			);
			path = ViewModel;
			sourceTree = "<group>";
		};
		0BECF644284AC42100041459 = {
			isa = PBXGroup;
			children = (
				0BECF64F284AC42100041459 /* WeatherApp */,
				0BECF666284AC42300041459 /* WeatherAppTests */,
				0BECF670284AC42300041459 /* WeatherAppUITests */,
				0BECF64E284AC42100041459 /* Products */,
				DAF3BF0AD747FC0E574EEB13 /* Pods */,
				912BC6980D100D774F24CFCE /* Frameworks */,
			);
			sourceTree = "<group>";
		};
		0BECF64E284AC42100041459 /* Products */ = {
			isa = PBXGroup;
			children = (
				0BECF64D284AC42100041459 /* WeatherApp.app */,
				0BECF663284AC42300041459 /* WeatherAppTests.xctest */,
				0BECF66D284AC42300041459 /* WeatherAppUITests.xctest */,
			);
			name = Products;
			sourceTree = "<group>";
		};
		0BECF64F284AC42100041459 /* WeatherApp */ = {
			isa = PBXGroup;
			children = (
				0BECF659284AC42300041459 /* Assets.xcassets */,
				0BECF69F284EA05200041459 /* Networking */,
				0BECF680284BE1DF00041459 /* Delegates */,
				0BECF681284BE1ED00041459 /* Scenes */,
				0BECF683284BE21800041459 /* Storyboards */,
				0BECF684284BE78800041459 /* Commons */,
				0BECF65E284AC42300041459 /* Info.plist */,
			);
			path = WeatherApp;
			sourceTree = "<group>";
		};
		0BECF666284AC42300041459 /* WeatherAppTests */ = {
			isa = PBXGroup;
			children = (
				0BECF667284AC42300041459 /* WeatherAppTests.swift */,
			);
			path = WeatherAppTests;
			sourceTree = "<group>";
		};
		0BECF670284AC42300041459 /* WeatherAppUITests */ = {
			isa = PBXGroup;
			children = (
				0BECF671284AC42300041459 /* WeatherAppUITests.swift */,
				0BECF673284AC42300041459 /* WeatherAppUITestsLaunchTests.swift */,
			);
			path = WeatherAppUITests;
			sourceTree = "<group>";
		};
		0BECF680284BE1DF00041459 /* Delegates */ = {
			isa = PBXGroup;
			children = (
				0BECF650284AC42100041459 /* AppDelegate.swift */,
				0BECF652284AC42100041459 /* SceneDelegate.swift */,
			);
			path = Delegates;
			sourceTree = "<group>";
		};
		0BECF681284BE1ED00041459 /* Scenes */ = {
			isa = PBXGroup;
			children = (
				0BECF682284BE1F500041459 /* Home */,
			);
			path = Scenes;
			sourceTree = "<group>";
		};
		0BECF682284BE1F500041459 /* Home */ = {
			isa = PBXGroup;
			children = (
				0B3DFF47284F6D6600021ACD /* ViewModel */,
				0B3DFF46284F6D5A00021ACD /* Controller */,
			);
			path = Home;
			sourceTree = "<group>";
		};
		0BECF683284BE21800041459 /* Storyboards */ = {
			isa = PBXGroup;
			children = (
				0BECF656284AC42100041459 /* Main.storyboard */,
				0BECF65B284AC42300041459 /* LaunchScreen.storyboard */,
			);
			path = Storyboards;
			sourceTree = "<group>";
		};
		0BECF684284BE78800041459 /* Commons */ = {
			isa = PBXGroup;
			children = (
				0BECF69A284E851D00041459 /* Helpers */,
				0BECF697284E83B600041459 /* Enums */,
				0BECF692284C0B6A00041459 /* Extensions */,
				0BECF685284BE79100041459 /* Fonts */,
				0BECF6A6284EA32B00041459 /* Constants.swift */,
			);
			path = Commons;
			sourceTree = "<group>";
		};
		0BECF685284BE79100041459 /* Fonts */ = {
			isa = PBXGroup;
			children = (
				0BECF68A284BE7CC00041459 /* Saira-Light.ttf */,
				0BECF68E284BE7FF00041459 /* Saira-Regular.ttf */,
				0BECF68C284BE7D500041459 /* Saira-Medium.ttf */,
				0BECF686284BE7B100041459 /* Saira-Bold.ttf */,
				0BECF690284BE81600041459 /* Saira-SemiBold.ttf */,
				0BECF688284BE7C100041459 /* Saira-ExtraBold.ttf */,
			);
			path = Fonts;
			sourceTree = "<group>";
		};
		0BECF692284C0B6A00041459 /* Extensions */ = {
			isa = PBXGroup;
			children = (
				0BECF693284C0B8900041459 /* UIImage+Extension.swift */,
				0BECF695284C0B9F00041459 /* UISearchBar+Extension.swift */,
				0BECF69D284E9CC000041459 /* UIViewController+Extension.swift */,
				0BECF6AF284ECB2600041459 /* CLLocationDegrees+Extension.swift */,
				0B3DFF3A284F4A9A00021ACD /* Data+Extension.swift */,
			);
			path = Extensions;
			sourceTree = "<group>";
		};
		0BECF697284E83B600041459 /* Enums */ = {
			isa = PBXGroup;
			children = (
				0BECF698284E83C800041459 /* LocationDirection.swift */,
			);
			path = Enums;
			sourceTree = "<group>";
		};
		0BECF69A284E851D00041459 /* Helpers */ = {
			isa = PBXGroup;
			children = (
				0BECF69B284E852C00041459 /* LocationHelper.swift */,
			);
			path = Helpers;
			sourceTree = "<group>";
		};
		0BECF69F284EA05200041459 /* Networking */ = {
			isa = PBXGroup;
			children = (
				0BECF6A0284EA07100041459 /* Router.swift */,
				0BECF6A4284EA2C400041459 /* APIClient.swift */,
				0BECF6B1284ED46400041459 /* Managers */,
				0BECF6A8284EB39A00041459 /* Models */,
			);
			path = Networking;
			sourceTree = "<group>";
		};
		0BECF6A8284EB39A00041459 /* Models */ = {
			isa = PBXGroup;
			children = (
				0BECF6AC284ECA4700041459 /* CardinalPoints */,
				0BECF6AB284ECA4000041459 /* Weather */,
			);
			path = Models;
			sourceTree = "<group>";
		};
		0BECF6AB284ECA4000041459 /* Weather */ = {
			isa = PBXGroup;
			children = (
				0BECF6A9284EC28000041459 /* Weather.swift */,
				0B3DFF3C284F4B8000021ACD /* CurrentWeather.swift */,
				0B3DFF3E284F4B9500021ACD /* Rain.swift */,
				0B3DFF40284F4BA800021ACD /* WeatherDetails.swift */,
				0B3DFF42284F4BEE00021ACD /* FeelsLike.swift */,
				0B3DFF44284F4BFB00021ACD /* Temp.swift */,
			);
			path = Weather;
			sourceTree = "<group>";
		};
		0BECF6AC284ECA4700041459 /* CardinalPoints */ = {
			isa = PBXGroup;
			children = (
				0BECF6AD284ECA5600041459 /* CardinalPoints.swift */,
			);
			path = CardinalPoints;
			sourceTree = "<group>";
		};
		0BECF6B1284ED46400041459 /* Managers */ = {
			isa = PBXGroup;
			children = (
				0BECF6B2284ED47200041459 /* WeatherAPIManager.swift */,
			);
			path = Managers;
			sourceTree = "<group>";
		};
		912BC6980D100D774F24CFCE /* Frameworks */ = {
			isa = PBXGroup;
			children = (
				8880EC745A3678972D06531C /* Pods_WeatherApp.framework */,
				F8C74E7497A54AD09270975B /* Pods_WeatherApp_WeatherAppUITests.framework */,
				029967BF1E3D7FF6AAADD02F /* Pods_WeatherAppTests.framework */,
			);
			name = Frameworks;
			sourceTree = "<group>";
		};
		DAF3BF0AD747FC0E574EEB13 /* Pods */ = {
			isa = PBXGroup;
			children = (
				BE54C8C16DD1B0BDA45CDCD1 /* Pods-WeatherApp.debug.xcconfig */,
				8529EB4D444481ACBBCF348E /* Pods-WeatherApp.release.xcconfig */,
				08532A07F09DF90D443A6166 /* Pods-WeatherApp-WeatherAppUITests.debug.xcconfig */,
				1C16F12221470334F0B36EE0 /* Pods-WeatherApp-WeatherAppUITests.release.xcconfig */,
				3BE28DE8A8E74DD64BEC5E6A /* Pods-WeatherAppTests.debug.xcconfig */,
				A3B1D59D575FAB8613536975 /* Pods-WeatherAppTests.release.xcconfig */,
			);
			path = Pods;
			sourceTree = "<group>";
		};
/* End PBXGroup section */

/* Begin PBXNativeTarget section */
		0BECF64C284AC42100041459 /* WeatherApp */ = {
			isa = PBXNativeTarget;
			buildConfigurationList = 0BECF677284AC42300041459 /* Build configuration list for PBXNativeTarget "WeatherApp" */;
			buildPhases = (
				2100217706F3F0936BAD4C54 /* [CP] Check Pods Manifest.lock */,
				0BECF649284AC42100041459 /* Sources */,
				0BECF64A284AC42100041459 /* Frameworks */,
				0BECF64B284AC42100041459 /* Resources */,
				9295178FF11851344C320808 /* [CP] Embed Pods Frameworks */,
			);
			buildRules = (
			);
			dependencies = (
			);
			name = WeatherApp;
			productName = WeatherApp;
			productReference = 0BECF64D284AC42100041459 /* WeatherApp.app */;
			productType = "com.apple.product-type.application";
		};
		0BECF662284AC42300041459 /* WeatherAppTests */ = {
			isa = PBXNativeTarget;
			buildConfigurationList = 0BECF67A284AC42300041459 /* Build configuration list for PBXNativeTarget "WeatherAppTests" */;
			buildPhases = (
				BCF7DA17A7181B7EF0909B1F /* [CP] Check Pods Manifest.lock */,
				0BECF65F284AC42300041459 /* Sources */,
				0BECF660284AC42300041459 /* Frameworks */,
				0BECF661284AC42300041459 /* Resources */,
			);
			buildRules = (
			);
			dependencies = (
				0BECF665284AC42300041459 /* PBXTargetDependency */,
			);
			name = WeatherAppTests;
			productName = WeatherAppTests;
			productReference = 0BECF663284AC42300041459 /* WeatherAppTests.xctest */;
			productType = "com.apple.product-type.bundle.unit-test";
		};
		0BECF66C284AC42300041459 /* WeatherAppUITests */ = {
			isa = PBXNativeTarget;
			buildConfigurationList = 0BECF67D284AC42300041459 /* Build configuration list for PBXNativeTarget "WeatherAppUITests" */;
			buildPhases = (
				DB946631EAECC7562D53E983 /* [CP] Check Pods Manifest.lock */,
				0BECF669284AC42300041459 /* Sources */,
				0BECF66A284AC42300041459 /* Frameworks */,
				0BECF66B284AC42300041459 /* Resources */,
				558CC3CDC3454CB3F509C456 /* [CP] Embed Pods Frameworks */,
			);
			buildRules = (
			);
			dependencies = (
				0BECF66F284AC42300041459 /* PBXTargetDependency */,
			);
			name = WeatherAppUITests;
			productName = WeatherAppUITests;
			productReference = 0BECF66D284AC42300041459 /* WeatherAppUITests.xctest */;
			productType = "com.apple.product-type.bundle.ui-testing";
		};
/* End PBXNativeTarget section */

/* Begin PBXProject section */
		0BECF645284AC42100041459 /* Project object */ = {
			isa = PBXProject;
			attributes = {
				BuildIndependentTargetsInParallel = 1;
				LastSwiftUpdateCheck = 1330;
				LastUpgradeCheck = 1330;
				TargetAttributes = {
					0BECF64C284AC42100041459 = {
						CreatedOnToolsVersion = 13.3.1;
					};
					0BECF662284AC42300041459 = {
						CreatedOnToolsVersion = 13.3.1;
						TestTargetID = 0BECF64C284AC42100041459;
					};
					0BECF66C284AC42300041459 = {
						CreatedOnToolsVersion = 13.3.1;
						TestTargetID = 0BECF64C284AC42100041459;
					};
				};
			};
			buildConfigurationList = 0BECF648284AC42100041459 /* Build configuration list for PBXProject "WeatherApp" */;
			compatibilityVersion = "Xcode 13.0";
			developmentRegion = en;
			hasScannedForEncodings = 0;
			knownRegions = (
				en,
				Base,
			);
			mainGroup = 0BECF644284AC42100041459;
			productRefGroup = 0BECF64E284AC42100041459 /* Products */;
			projectDirPath = "";
			projectRoot = "";
			targets = (
				0BECF64C284AC42100041459 /* WeatherApp */,
				0BECF662284AC42300041459 /* WeatherAppTests */,
				0BECF66C284AC42300041459 /* WeatherAppUITests */,
			);
		};
/* End PBXProject section */

/* Begin PBXResourcesBuildPhase section */
		0BECF64B284AC42100041459 /* Resources */ = {
			isa = PBXResourcesBuildPhase;
			buildActionMask = 2147483647;
			files = (
				0BECF68D284BE7D500041459 /* Saira-Medium.ttf in Resources */,
				0BECF687284BE7B100041459 /* Saira-Bold.ttf in Resources */,
				0BECF691284BE81600041459 /* Saira-SemiBold.ttf in Resources */,
				0BECF65D284AC42300041459 /* LaunchScreen.storyboard in Resources */,
				0BECF689284BE7C100041459 /* Saira-ExtraBold.ttf in Resources */,
				0BECF68F284BE7FF00041459 /* Saira-Regular.ttf in Resources */,
				0BECF65A284AC42300041459 /* Assets.xcassets in Resources */,
				0BECF68B284BE7CC00041459 /* Saira-Light.ttf in Resources */,
				0BECF658284AC42100041459 /* Main.storyboard in Resources */,
			);
			runOnlyForDeploymentPostprocessing = 0;
		};
		0BECF661284AC42300041459 /* Resources */ = {
			isa = PBXResourcesBuildPhase;
			buildActionMask = 2147483647;
			files = (
			);
			runOnlyForDeploymentPostprocessing = 0;
		};
		0BECF66B284AC42300041459 /* Resources */ = {
			isa = PBXResourcesBuildPhase;
			buildActionMask = 2147483647;
			files = (
			);
			runOnlyForDeploymentPostprocessing = 0;
		};
/* End PBXResourcesBuildPhase section */

/* Begin PBXShellScriptBuildPhase section */
		2100217706F3F0936BAD4C54 /* [CP] Check Pods Manifest.lock */ = {
			isa = PBXShellScriptBuildPhase;
			buildActionMask = 2147483647;
			files = (
			);
			inputFileListPaths = (
			);
			inputPaths = (
				"${PODS_PODFILE_DIR_PATH}/Podfile.lock",
				"${PODS_ROOT}/Manifest.lock",
			);
			name = "[CP] Check Pods Manifest.lock";
			outputFileListPaths = (
			);
			outputPaths = (
				"$(DERIVED_FILE_DIR)/Pods-WeatherApp-checkManifestLockResult.txt",
			);
			runOnlyForDeploymentPostprocessing = 0;
			shellPath = /bin/sh;
			shellScript = "diff \"${PODS_PODFILE_DIR_PATH}/Podfile.lock\" \"${PODS_ROOT}/Manifest.lock\" > /dev/null\nif [ $? != 0 ] ; then\n    # print error to STDERR\n    echo \"error: The sandbox is not in sync with the Podfile.lock. Run 'pod install' or update your CocoaPods installation.\" >&2\n    exit 1\nfi\n# This output is used by Xcode 'outputs' to avoid re-running this script phase.\necho \"SUCCESS\" > \"${SCRIPT_OUTPUT_FILE_0}\"\n";
			showEnvVarsInLog = 0;
		};
		558CC3CDC3454CB3F509C456 /* [CP] Embed Pods Frameworks */ = {
			isa = PBXShellScriptBuildPhase;
			buildActionMask = 2147483647;
			files = (
			);
			inputFileListPaths = (
				"${PODS_ROOT}/Target Support Files/Pods-WeatherApp-WeatherAppUITests/Pods-WeatherApp-WeatherAppUITests-frameworks-${CONFIGURATION}-input-files.xcfilelist",
			);
			name = "[CP] Embed Pods Frameworks";
			outputFileListPaths = (
				"${PODS_ROOT}/Target Support Files/Pods-WeatherApp-WeatherAppUITests/Pods-WeatherApp-WeatherAppUITests-frameworks-${CONFIGURATION}-output-files.xcfilelist",
			);
			runOnlyForDeploymentPostprocessing = 0;
			shellPath = /bin/sh;
			shellScript = "\"${PODS_ROOT}/Target Support Files/Pods-WeatherApp-WeatherAppUITests/Pods-WeatherApp-WeatherAppUITests-frameworks.sh\"\n";
			showEnvVarsInLog = 0;
		};
		9295178FF11851344C320808 /* [CP] Embed Pods Frameworks */ = {
			isa = PBXShellScriptBuildPhase;
			buildActionMask = 2147483647;
			files = (
			);
			inputFileListPaths = (
				"${PODS_ROOT}/Target Support Files/Pods-WeatherApp/Pods-WeatherApp-frameworks-${CONFIGURATION}-input-files.xcfilelist",
			);
			name = "[CP] Embed Pods Frameworks";
			outputFileListPaths = (
				"${PODS_ROOT}/Target Support Files/Pods-WeatherApp/Pods-WeatherApp-frameworks-${CONFIGURATION}-output-files.xcfilelist",
			);
			runOnlyForDeploymentPostprocessing = 0;
			shellPath = /bin/sh;
			shellScript = "\"${PODS_ROOT}/Target Support Files/Pods-WeatherApp/Pods-WeatherApp-frameworks.sh\"\n";
			showEnvVarsInLog = 0;
		};
		BCF7DA17A7181B7EF0909B1F /* [CP] Check Pods Manifest.lock */ = {
			isa = PBXShellScriptBuildPhase;
			buildActionMask = 2147483647;
			files = (
			);
			inputFileListPaths = (
			);
			inputPaths = (
				"${PODS_PODFILE_DIR_PATH}/Podfile.lock",
				"${PODS_ROOT}/Manifest.lock",
			);
			name = "[CP] Check Pods Manifest.lock";
			outputFileListPaths = (
			);
			outputPaths = (
				"$(DERIVED_FILE_DIR)/Pods-WeatherAppTests-checkManifestLockResult.txt",
			);
			runOnlyForDeploymentPostprocessing = 0;
			shellPath = /bin/sh;
			shellScript = "diff \"${PODS_PODFILE_DIR_PATH}/Podfile.lock\" \"${PODS_ROOT}/Manifest.lock\" > /dev/null\nif [ $? != 0 ] ; then\n    # print error to STDERR\n    echo \"error: The sandbox is not in sync with the Podfile.lock. Run 'pod install' or update your CocoaPods installation.\" >&2\n    exit 1\nfi\n# This output is used by Xcode 'outputs' to avoid re-running this script phase.\necho \"SUCCESS\" > \"${SCRIPT_OUTPUT_FILE_0}\"\n";
			showEnvVarsInLog = 0;
		};
		DB946631EAECC7562D53E983 /* [CP] Check Pods Manifest.lock */ = {
			isa = PBXShellScriptBuildPhase;
			buildActionMask = 2147483647;
			files = (
			);
			inputFileListPaths = (
			);
			inputPaths = (
				"${PODS_PODFILE_DIR_PATH}/Podfile.lock",
				"${PODS_ROOT}/Manifest.lock",
			);
			name = "[CP] Check Pods Manifest.lock";
			outputFileListPaths = (
			);
			outputPaths = (
				"$(DERIVED_FILE_DIR)/Pods-WeatherApp-WeatherAppUITests-checkManifestLockResult.txt",
			);
			runOnlyForDeploymentPostprocessing = 0;
			shellPath = /bin/sh;
			shellScript = "diff \"${PODS_PODFILE_DIR_PATH}/Podfile.lock\" \"${PODS_ROOT}/Manifest.lock\" > /dev/null\nif [ $? != 0 ] ; then\n    # print error to STDERR\n    echo \"error: The sandbox is not in sync with the Podfile.lock. Run 'pod install' or update your CocoaPods installation.\" >&2\n    exit 1\nfi\n# This output is used by Xcode 'outputs' to avoid re-running this script phase.\necho \"SUCCESS\" > \"${SCRIPT_OUTPUT_FILE_0}\"\n";
			showEnvVarsInLog = 0;
		};
/* End PBXShellScriptBuildPhase section */

/* Begin PBXSourcesBuildPhase section */
		0BECF649284AC42100041459 /* Sources */ = {
			isa = PBXSourcesBuildPhase;
			buildActionMask = 2147483647;
			files = (
				0BECF69E284E9CC000041459 /* UIViewController+Extension.swift in Sources */,
				0B3DFF49284F6D7A00021ACD /* HomeViewModel.swift in Sources */,
				0B3DFF3B284F4A9A00021ACD /* Data+Extension.swift in Sources */,
				0B3DFF43284F4BEE00021ACD /* FeelsLike.swift in Sources */,
				0BECF6A7284EA32B00041459 /* Constants.swift in Sources */,
				0B3DFF45284F4BFB00021ACD /* Temp.swift in Sources */,
				0BECF655284AC42100041459 /* HomeController.swift in Sources */,
				0BECF696284C0B9F00041459 /* UISearchBar+Extension.swift in Sources */,
				0BECF6AA284EC28000041459 /* Weather.swift in Sources */,
				0BECF651284AC42100041459 /* AppDelegate.swift in Sources */,
				0BECF6A5284EA2C400041459 /* APIClient.swift in Sources */,
				0B3DFF3D284F4B8000021ACD /* CurrentWeather.swift in Sources */,
				0BECF6B0284ECB2600041459 /* CLLocationDegrees+Extension.swift in Sources */,
				0BECF6A1284EA07100041459 /* Router.swift in Sources */,
				0BECF653284AC42100041459 /* SceneDelegate.swift in Sources */,
				0B3DFF41284F4BA800021ACD /* WeatherDetails.swift in Sources */,
				0BECF699284E83C800041459 /* LocationDirection.swift in Sources */,
				0BECF69C284E852C00041459 /* LocationHelper.swift in Sources */,
				0BECF6B3284ED47200041459 /* WeatherAPIManager.swift in Sources */,
				0B3DFF3F284F4B9500021ACD /* Rain.swift in Sources */,
				0BECF6AE284ECA5600041459 /* CardinalPoints.swift in Sources */,
				0BECF694284C0B8900041459 /* UIImage+Extension.swift in Sources */,
			);
			runOnlyForDeploymentPostprocessing = 0;
		};
		0BECF65F284AC42300041459 /* Sources */ = {
			isa = PBXSourcesBuildPhase;
			buildActionMask = 2147483647;
			files = (
				0BECF668284AC42300041459 /* WeatherAppTests.swift in Sources */,
			);
			runOnlyForDeploymentPostprocessing = 0;
		};
		0BECF669284AC42300041459 /* Sources */ = {
			isa = PBXSourcesBuildPhase;
			buildActionMask = 2147483647;
			files = (
				0BECF672284AC42300041459 /* WeatherAppUITests.swift in Sources */,
				0BECF674284AC42300041459 /* WeatherAppUITestsLaunchTests.swift in Sources */,
			);
			runOnlyForDeploymentPostprocessing = 0;
		};
/* End PBXSourcesBuildPhase section */

/* Begin PBXTargetDependency section */
		0BECF665284AC42300041459 /* PBXTargetDependency */ = {
			isa = PBXTargetDependency;
			target = 0BECF64C284AC42100041459 /* WeatherApp */;
			targetProxy = 0BECF664284AC42300041459 /* PBXContainerItemProxy */;
		};
		0BECF66F284AC42300041459 /* PBXTargetDependency */ = {
			isa = PBXTargetDependency;
			target = 0BECF64C284AC42100041459 /* WeatherApp */;
			targetProxy = 0BECF66E284AC42300041459 /* PBXContainerItemProxy */;
		};
/* End PBXTargetDependency section */

/* Begin PBXVariantGroup section */
		0BECF656284AC42100041459 /* Main.storyboard */ = {
			isa = PBXVariantGroup;
			children = (
				0BECF657284AC42100041459 /* Base */,
			);
			name = Main.storyboard;
			sourceTree = "<group>";
		};
		0BECF65B284AC42300041459 /* LaunchScreen.storyboard */ = {
			isa = PBXVariantGroup;
			children = (
				0BECF65C284AC42300041459 /* Base */,
			);
			name = LaunchScreen.storyboard;
			sourceTree = "<group>";
		};
/* End PBXVariantGroup section */

/* Begin XCBuildConfiguration section */
		0BECF675284AC42300041459 /* Debug */ = {
			isa = XCBuildConfiguration;
			buildSettings = {
				ALWAYS_SEARCH_USER_PATHS = NO;
				CLANG_ANALYZER_NONNULL = YES;
				CLANG_ANALYZER_NUMBER_OBJECT_CONVERSION = YES_AGGRESSIVE;
				CLANG_CXX_LANGUAGE_STANDARD = "gnu++17";
				CLANG_ENABLE_MODULES = YES;
				CLANG_ENABLE_OBJC_ARC = YES;
				CLANG_ENABLE_OBJC_WEAK = YES;
				CLANG_WARN_BLOCK_CAPTURE_AUTORELEASING = YES;
				CLANG_WARN_BOOL_CONVERSION = YES;
				CLANG_WARN_COMMA = YES;
				CLANG_WARN_CONSTANT_CONVERSION = YES;
				CLANG_WARN_DEPRECATED_OBJC_IMPLEMENTATIONS = YES;
				CLANG_WARN_DIRECT_OBJC_ISA_USAGE = YES_ERROR;
				CLANG_WARN_DOCUMENTATION_COMMENTS = YES;
				CLANG_WARN_EMPTY_BODY = YES;
				CLANG_WARN_ENUM_CONVERSION = YES;
				CLANG_WARN_INFINITE_RECURSION = YES;
				CLANG_WARN_INT_CONVERSION = YES;
				CLANG_WARN_NON_LITERAL_NULL_CONVERSION = YES;
				CLANG_WARN_OBJC_IMPLICIT_RETAIN_SELF = YES;
				CLANG_WARN_OBJC_LITERAL_CONVERSION = YES;
				CLANG_WARN_OBJC_ROOT_CLASS = YES_ERROR;
				CLANG_WARN_QUOTED_INCLUDE_IN_FRAMEWORK_HEADER = YES;
				CLANG_WARN_RANGE_LOOP_ANALYSIS = YES;
				CLANG_WARN_STRICT_PROTOTYPES = YES;
				CLANG_WARN_SUSPICIOUS_MOVE = YES;
				CLANG_WARN_UNGUARDED_AVAILABILITY = YES_AGGRESSIVE;
				CLANG_WARN_UNREACHABLE_CODE = YES;
				CLANG_WARN__DUPLICATE_METHOD_MATCH = YES;
				COPY_PHASE_STRIP = NO;
				DEBUG_INFORMATION_FORMAT = dwarf;
				ENABLE_STRICT_OBJC_MSGSEND = YES;
				ENABLE_TESTABILITY = YES;
				GCC_C_LANGUAGE_STANDARD = gnu11;
				GCC_DYNAMIC_NO_PIC = NO;
				GCC_NO_COMMON_BLOCKS = YES;
				GCC_OPTIMIZATION_LEVEL = 0;
				GCC_PREPROCESSOR_DEFINITIONS = (
					"DEBUG=1",
					"$(inherited)",
				);
				GCC_WARN_64_TO_32_BIT_CONVERSION = YES;
				GCC_WARN_ABOUT_RETURN_TYPE = YES_ERROR;
				GCC_WARN_UNDECLARED_SELECTOR = YES;
				GCC_WARN_UNINITIALIZED_AUTOS = YES_AGGRESSIVE;
				GCC_WARN_UNUSED_FUNCTION = YES;
				GCC_WARN_UNUSED_VARIABLE = YES;
				IPHONEOS_DEPLOYMENT_TARGET = 15.4;
				MTL_ENABLE_DEBUG_INFO = INCLUDE_SOURCE;
				MTL_FAST_MATH = YES;
				ONLY_ACTIVE_ARCH = YES;
				SDKROOT = iphoneos;
				SWIFT_ACTIVE_COMPILATION_CONDITIONS = DEBUG;
				SWIFT_OPTIMIZATION_LEVEL = "-Onone";
			};
			name = Debug;
		};
		0BECF676284AC42300041459 /* Release */ = {
			isa = XCBuildConfiguration;
			buildSettings = {
				ALWAYS_SEARCH_USER_PATHS = NO;
				CLANG_ANALYZER_NONNULL = YES;
				CLANG_ANALYZER_NUMBER_OBJECT_CONVERSION = YES_AGGRESSIVE;
				CLANG_CXX_LANGUAGE_STANDARD = "gnu++17";
				CLANG_ENABLE_MODULES = YES;
				CLANG_ENABLE_OBJC_ARC = YES;
				CLANG_ENABLE_OBJC_WEAK = YES;
				CLANG_WARN_BLOCK_CAPTURE_AUTORELEASING = YES;
				CLANG_WARN_BOOL_CONVERSION = YES;
				CLANG_WARN_COMMA = YES;
				CLANG_WARN_CONSTANT_CONVERSION = YES;
				CLANG_WARN_DEPRECATED_OBJC_IMPLEMENTATIONS = YES;
				CLANG_WARN_DIRECT_OBJC_ISA_USAGE = YES_ERROR;
				CLANG_WARN_DOCUMENTATION_COMMENTS = YES;
				CLANG_WARN_EMPTY_BODY = YES;
				CLANG_WARN_ENUM_CONVERSION = YES;
				CLANG_WARN_INFINITE_RECURSION = YES;
				CLANG_WARN_INT_CONVERSION = YES;
				CLANG_WARN_NON_LITERAL_NULL_CONVERSION = YES;
				CLANG_WARN_OBJC_IMPLICIT_RETAIN_SELF = YES;
				CLANG_WARN_OBJC_LITERAL_CONVERSION = YES;
				CLANG_WARN_OBJC_ROOT_CLASS = YES_ERROR;
				CLANG_WARN_QUOTED_INCLUDE_IN_FRAMEWORK_HEADER = YES;
				CLANG_WARN_RANGE_LOOP_ANALYSIS = YES;
				CLANG_WARN_STRICT_PROTOTYPES = YES;
				CLANG_WARN_SUSPICIOUS_MOVE = YES;
				CLANG_WARN_UNGUARDED_AVAILABILITY = YES_AGGRESSIVE;
				CLANG_WARN_UNREACHABLE_CODE = YES;
				CLANG_WARN__DUPLICATE_METHOD_MATCH = YES;
				COPY_PHASE_STRIP = NO;
				DEBUG_INFORMATION_FORMAT = "dwarf-with-dsym";
				ENABLE_NS_ASSERTIONS = NO;
				ENABLE_STRICT_OBJC_MSGSEND = YES;
				GCC_C_LANGUAGE_STANDARD = gnu11;
				GCC_NO_COMMON_BLOCKS = YES;
				GCC_WARN_64_TO_32_BIT_CONVERSION = YES;
				GCC_WARN_ABOUT_RETURN_TYPE = YES_ERROR;
				GCC_WARN_UNDECLARED_SELECTOR = YES;
				GCC_WARN_UNINITIALIZED_AUTOS = YES_AGGRESSIVE;
				GCC_WARN_UNUSED_FUNCTION = YES;
				GCC_WARN_UNUSED_VARIABLE = YES;
				IPHONEOS_DEPLOYMENT_TARGET = 15.4;
				MTL_ENABLE_DEBUG_INFO = NO;
				MTL_FAST_MATH = YES;
				SDKROOT = iphoneos;
				SWIFT_COMPILATION_MODE = wholemodule;
				SWIFT_OPTIMIZATION_LEVEL = "-O";
				VALIDATE_PRODUCT = YES;
			};
			name = Release;
		};
		0BECF678284AC42300041459 /* Debug */ = {
			isa = XCBuildConfiguration;
			baseConfigurationReference = BE54C8C16DD1B0BDA45CDCD1 /* Pods-WeatherApp.debug.xcconfig */;
			buildSettings = {
				ASSETCATALOG_COMPILER_APPICON_NAME = AppIcon;
				ASSETCATALOG_COMPILER_GLOBAL_ACCENT_COLOR_NAME = AccentColor;
				CODE_SIGN_IDENTITY = "Apple Development";
				CODE_SIGN_STYLE = Automatic;
				CURRENT_PROJECT_VERSION = 1;
				DEVELOPMENT_TEAM = C7TZHYALRJ;
				GENERATE_INFOPLIST_FILE = YES;
				INFOPLIST_FILE = WeatherApp/Info.plist;
				INFOPLIST_KEY_CFBundleDisplayName = Weather;
				INFOPLIST_KEY_UIApplicationSupportsIndirectInputEvents = YES;
				INFOPLIST_KEY_UILaunchStoryboardName = LaunchScreen;
				INFOPLIST_KEY_UIMainStoryboardFile = Main;
				INFOPLIST_KEY_UISupportedInterfaceOrientations_iPad = "UIInterfaceOrientationPortrait UIInterfaceOrientationPortraitUpsideDown UIInterfaceOrientationLandscapeLeft UIInterfaceOrientationLandscapeRight";
				INFOPLIST_KEY_UISupportedInterfaceOrientations_iPhone = "UIInterfaceOrientationPortrait UIInterfaceOrientationLandscapeLeft UIInterfaceOrientationLandscapeRight";
				IPHONEOS_DEPLOYMENT_TARGET = 11.0;
				LD_RUNPATH_SEARCH_PATHS = (
					"$(inherited)",
					"@executable_path/Frameworks",
				);
				MARKETING_VERSION = 1.0;
				PRODUCT_BUNDLE_IDENTIFIER = com.weather.WeatherApp;
				PRODUCT_NAME = "$(TARGET_NAME)";
				PROVISIONING_PROFILE_SPECIFIER = "";
				SWIFT_EMIT_LOC_STRINGS = YES;
				SWIFT_VERSION = 5.0;
				TARGETED_DEVICE_FAMILY = "1,2";
			};
			name = Debug;
		};
		0BECF679284AC42300041459 /* Release */ = {
			isa = XCBuildConfiguration;
			baseConfigurationReference = 8529EB4D444481ACBBCF348E /* Pods-WeatherApp.release.xcconfig */;
			buildSettings = {
				ASSETCATALOG_COMPILER_APPICON_NAME = AppIcon;
				ASSETCATALOG_COMPILER_GLOBAL_ACCENT_COLOR_NAME = AccentColor;
				CODE_SIGN_IDENTITY = "Apple Development";
				CODE_SIGN_STYLE = Automatic;
				CURRENT_PROJECT_VERSION = 1;
				DEVELOPMENT_TEAM = C7TZHYALRJ;
				GENERATE_INFOPLIST_FILE = YES;
				INFOPLIST_FILE = WeatherApp/Info.plist;
				INFOPLIST_KEY_CFBundleDisplayName = Weather;
				INFOPLIST_KEY_UIApplicationSupportsIndirectInputEvents = YES;
				INFOPLIST_KEY_UILaunchStoryboardName = LaunchScreen;
				INFOPLIST_KEY_UIMainStoryboardFile = Main;
				INFOPLIST_KEY_UISupportedInterfaceOrientations_iPad = "UIInterfaceOrientationPortrait UIInterfaceOrientationPortraitUpsideDown UIInterfaceOrientationLandscapeLeft UIInterfaceOrientationLandscapeRight";
				INFOPLIST_KEY_UISupportedInterfaceOrientations_iPhone = "UIInterfaceOrientationPortrait UIInterfaceOrientationLandscapeLeft UIInterfaceOrientationLandscapeRight";
				IPHONEOS_DEPLOYMENT_TARGET = 11.0;
				LD_RUNPATH_SEARCH_PATHS = (
					"$(inherited)",
					"@executable_path/Frameworks",
				);
				MARKETING_VERSION = 1.0;
				PRODUCT_BUNDLE_IDENTIFIER = com.weather.WeatherApp;
				PRODUCT_NAME = "$(TARGET_NAME)";
				PROVISIONING_PROFILE_SPECIFIER = "";
				SWIFT_EMIT_LOC_STRINGS = YES;
				SWIFT_VERSION = 5.0;
				TARGETED_DEVICE_FAMILY = "1,2";
			};
			name = Release;
		};
		0BECF67B284AC42300041459 /* Debug */ = {
			isa = XCBuildConfiguration;
			baseConfigurationReference = 3BE28DE8A8E74DD64BEC5E6A /* Pods-WeatherAppTests.debug.xcconfig */;
			buildSettings = {
				ALWAYS_EMBED_SWIFT_STANDARD_LIBRARIES = YES;
				BUNDLE_LOADER = "$(TEST_HOST)";
				CODE_SIGN_STYLE = Automatic;
				CURRENT_PROJECT_VERSION = 1;
				DEVELOPMENT_TEAM = C7TZHYALRJ;
				GENERATE_INFOPLIST_FILE = YES;
				IPHONEOS_DEPLOYMENT_TARGET = 15.4;
				MARKETING_VERSION = 1.0;
				PRODUCT_BUNDLE_IDENTIFIER = com.weather.WeatherAppTests;
				PRODUCT_NAME = "$(TARGET_NAME)";
				SWIFT_EMIT_LOC_STRINGS = NO;
				SWIFT_VERSION = 5.0;
				TARGETED_DEVICE_FAMILY = "1,2";
				TEST_HOST = "$(BUILT_PRODUCTS_DIR)/WeatherApp.app/WeatherApp";
			};
			name = Debug;
		};
		0BECF67C284AC42300041459 /* Release */ = {
			isa = XCBuildConfiguration;
			baseConfigurationReference = A3B1D59D575FAB8613536975 /* Pods-WeatherAppTests.release.xcconfig */;
			buildSettings = {
				ALWAYS_EMBED_SWIFT_STANDARD_LIBRARIES = YES;
				BUNDLE_LOADER = "$(TEST_HOST)";
				CODE_SIGN_STYLE = Automatic;
				CURRENT_PROJECT_VERSION = 1;
				DEVELOPMENT_TEAM = C7TZHYALRJ;
				GENERATE_INFOPLIST_FILE = YES;
				IPHONEOS_DEPLOYMENT_TARGET = 15.4;
				MARKETING_VERSION = 1.0;
				PRODUCT_BUNDLE_IDENTIFIER = com.weather.WeatherAppTests;
				PRODUCT_NAME = "$(TARGET_NAME)";
				SWIFT_EMIT_LOC_STRINGS = NO;
				SWIFT_VERSION = 5.0;
				TARGETED_DEVICE_FAMILY = "1,2";
				TEST_HOST = "$(BUILT_PRODUCTS_DIR)/WeatherApp.app/WeatherApp";
			};
			name = Release;
		};
		0BECF67E284AC42300041459 /* Debug */ = {
			isa = XCBuildConfiguration;
			baseConfigurationReference = 08532A07F09DF90D443A6166 /* Pods-WeatherApp-WeatherAppUITests.debug.xcconfig */;
			buildSettings = {
				ALWAYS_EMBED_SWIFT_STANDARD_LIBRARIES = YES;
				CODE_SIGN_STYLE = Automatic;
				CURRENT_PROJECT_VERSION = 1;
				DEVELOPMENT_TEAM = C7TZHYALRJ;
				GENERATE_INFOPLIST_FILE = YES;
				MARKETING_VERSION = 1.0;
				PRODUCT_BUNDLE_IDENTIFIER = com.weather.WeatherAppUITests;
				PRODUCT_NAME = "$(TARGET_NAME)";
				SWIFT_EMIT_LOC_STRINGS = NO;
				SWIFT_VERSION = 5.0;
				TARGETED_DEVICE_FAMILY = "1,2";
				TEST_TARGET_NAME = WeatherApp;
			};
			name = Debug;
		};
		0BECF67F284AC42300041459 /* Release */ = {
			isa = XCBuildConfiguration;
			baseConfigurationReference = 1C16F12221470334F0B36EE0 /* Pods-WeatherApp-WeatherAppUITests.release.xcconfig */;
			buildSettings = {
				ALWAYS_EMBED_SWIFT_STANDARD_LIBRARIES = YES;
				CODE_SIGN_STYLE = Automatic;
				CURRENT_PROJECT_VERSION = 1;
				DEVELOPMENT_TEAM = C7TZHYALRJ;
				GENERATE_INFOPLIST_FILE = YES;
				MARKETING_VERSION = 1.0;
				PRODUCT_BUNDLE_IDENTIFIER = com.weather.WeatherAppUITests;
				PRODUCT_NAME = "$(TARGET_NAME)";
				SWIFT_EMIT_LOC_STRINGS = NO;
				SWIFT_VERSION = 5.0;
				TARGETED_DEVICE_FAMILY = "1,2";
				TEST_TARGET_NAME = WeatherApp;
			};
			name = Release;
		};
/* End XCBuildConfiguration section */

/* Begin XCConfigurationList section */
		0BECF648284AC42100041459 /* Build configuration list for PBXProject "WeatherApp" */ = {
			isa = XCConfigurationList;
			buildConfigurations = (
				0BECF675284AC42300041459 /* Debug */,
				0BECF676284AC42300041459 /* Release */,
			);
			defaultConfigurationIsVisible = 0;
			defaultConfigurationName = Release;
		};
		0BECF677284AC42300041459 /* Build configuration list for PBXNativeTarget "WeatherApp" */ = {
			isa = XCConfigurationList;
			buildConfigurations = (
				0BECF678284AC42300041459 /* Debug */,
				0BECF679284AC42300041459 /* Release */,
			);
			defaultConfigurationIsVisible = 0;
			defaultConfigurationName = Release;
		};
		0BECF67A284AC42300041459 /* Build configuration list for PBXNativeTarget "WeatherAppTests" */ = {
			isa = XCConfigurationList;
			buildConfigurations = (
				0BECF67B284AC42300041459 /* Debug */,
				0BECF67C284AC42300041459 /* Release */,
			);
			defaultConfigurationIsVisible = 0;
			defaultConfigurationName = Release;
		};
		0BECF67D284AC42300041459 /* Build configuration list for PBXNativeTarget "WeatherAppUITests" */ = {
			isa = XCConfigurationList;
			buildConfigurations = (
				0BECF67E284AC42300041459 /* Debug */,
				0BECF67F284AC42300041459 /* Release */,
			);
			defaultConfigurationIsVisible = 0;
			defaultConfigurationName = Release;
		};
/* End XCConfigurationList section */
	};
	rootObject = 0BECF645284AC42100041459 /* Project object */;
}
